
Microsoft Visual Studio Solution File, Format Version 12.00
# Visual Studio Version 17
VisualStudioVersion = 17.6.33513.286
MinimumVisualStudioVersion = 10.0.40219.1
Project("{2150E333-8FDC-42A3-9474-1A3956D46DE8}") = "src", "src", "{2965B1EF-9ADB-48E6-8D3C-AF03E4CC9179}"
EndProject
Project("{FAE04EC0-301F-11D3-BF4B-00C04F79EFBC}") = "AlasdairCooper.Components.Partial", "src\AlasdairCooper.Components.Partial\AlasdairCooper.Components.Partial.csproj", "{1E963301-7E97-4B39-80AC-2FB405E430C3}"
EndProject
Global
	GlobalSection(SolutionConfigurationPlatforms) = preSolution
		Debug|Any CPU = Debug|Any CPU
		Release|Any CPU = Release|Any CPU
	EndGlobalSection
	GlobalSection(ProjectConfigurationPlatforms) = postSolution
		{1E963301-7E97-4B39-80AC-2FB405E430C3}.Debug|Any CPU.ActiveCfg = Debug|Any CPU
		{1E963301-7E97-4B39-80AC-2FB405E430C3}.Debug|Any CPU.Build.0 = Debug|Any CPU
		{1E963301-7E97-4B39-80AC-2FB405E430C3}.Release|Any CPU.ActiveCfg = Release|Any CPU
		{1E963301-7E97-4B39-80AC-2FB405E430C3}.Release|Any CPU.Build.0 = Release|Any CPU
	EndGlobalSection
	GlobalSection(SolutionProperties) = preSolution
		HideSolutionNode = FALSE
	EndGlobalSection
	GlobalSection(ExtensibilityGlobals) = postSolution
		SolutionGuid = {D42D3342-4253-46B6-800F-35A1AEA0C3FD}
	EndGlobalSection
	GlobalSection(NestedProjects) = preSolution
		{1E963301-7E97-4B39-80AC-2FB405E430C3} = {2965B1EF-9ADB-48E6-8D3C-AF03E4CC9179}
	EndGlobalSection
EndGlobal
