
Microsoft Visual Studio Solution File, Format Version 12.00
# Visual Studio Version 17
VisualStudioVersion = 17.6.33513.286
MinimumVisualStudioVersion = 10.0.40219.1
Project("{9A19103F-16F7-4668-BE54-9A1E7A4F7556}") = "AlasdairCooper.Components.Partial.Demo", "AlasdairCooper.Components.Partial.Demo\AlasdairCooper.Components.Partial.Demo.csproj", "{1FC6610E-1F59-42F6-AC3B-9D757E68F66D}"
EndProject
Project("{FAE04EC0-301F-11D3-BF4B-00C04F79EFBC}") = "AlasdairCooper.Components.Partial", "AlasdairCooper.Components.Partial\AlasdairCooper.Components.Partial.csproj", "{884E22E3-9A3C-4ACA-A838-21DD6C40488D}"
EndProject
Global
	GlobalSection(SolutionConfigurationPlatforms) = preSolution
		Debug|Any CPU = Debug|Any CPU
		Release|Any CPU = Release|Any CPU
	EndGlobalSection
	GlobalSection(ProjectConfigurationPlatforms) = postSolution
		{1FC6610E-1F59-42F6-AC3B-9D757E68F66D}.Debug|Any CPU.ActiveCfg = Debug|Any CPU
		{1FC6610E-1F59-42F6-AC3B-9D757E68F66D}.Debug|Any CPU.Build.0 = Debug|Any CPU
		{1FC6610E-1F59-42F6-AC3B-9D757E68F66D}.Release|Any CPU.ActiveCfg = Release|Any CPU
		{1FC6610E-1F59-42F6-AC3B-9D757E68F66D}.Release|Any CPU.Build.0 = Release|Any CPU
		{884E22E3-9A3C-4ACA-A838-21DD6C40488D}.Debug|Any CPU.ActiveCfg = Debug|Any CPU
		{884E22E3-9A3C-4ACA-A838-21DD6C40488D}.Debug|Any CPU.Build.0 = Debug|Any CPU
		{884E22E3-9A3C-4ACA-A838-21DD6C40488D}.Release|Any CPU.ActiveCfg = Release|Any CPU
		{884E22E3-9A3C-4ACA-A838-21DD6C40488D}.Release|Any CPU.Build.0 = Release|Any CPU
	EndGlobalSection
	GlobalSection(SolutionProperties) = preSolution
		HideSolutionNode = FALSE
	EndGlobalSection
	GlobalSection(ExtensibilityGlobals) = postSolution
		SolutionGuid = {D42D3342-4253-46B6-800F-35A1AEA0C3FD}
	EndGlobalSection
EndGlobal
